
Microsoft Visual Studio Solution File, Format Version 12.00
# Visual Studio Version 17
VisualStudioVersion = 17.5.33414.496
MinimumVisualStudioVersion = 10.0.40219.1
Project("{FAE04EC0-301F-11D3-BF4B-00C04F79EFBC}") = "Assignment5", "Assignment5.csproj", "{F67A22D0-BF8E-4B4B-B606-950C9068250C}"
EndProject
Global
	GlobalSection(SolutionConfigurationPlatforms) = preSolution
		Debug|Any CPU = Debug|Any CPU
		Release|Any CPU = Release|Any CPU
	EndGlobalSection
	GlobalSection(ProjectConfigurationPlatforms) = postSolution
		{F67A22D0-BF8E-4B4B-B606-950C9068250C}.Debug|Any CPU.ActiveCfg = Debug|Any CPU
		{F67A22D0-BF8E-4B4B-B606-950C9068250C}.Debug|Any CPU.Build.0 = Debug|Any CPU
		{F67A22D0-BF8E-4B4B-B606-950C9068250C}.Release|Any CPU.ActiveCfg = Release|Any CPU
		{F67A22D0-BF8E-4B4B-B606-950C9068250C}.Release|Any CPU.Build.0 = Release|Any CPU
	EndGlobalSection
	GlobalSection(SolutionProperties) = preSolution
		HideSolutionNode = FALSE
	EndGlobalSection
	GlobalSection(ExtensibilityGlobals) = postSolution
		SolutionGuid = {DD5A09D4-44C6-40FB-904B-68E18FAE28CD}
	EndGlobalSection
EndGlobal
